{
    "behat/symfony2-extension": {
        "version": "2.1",
        "recipe": {
            "repo": "github.com/symfony/recipes",
            "branch": "master",
            "version": "2.1",
            "ref": "af4f8fa93b1fee9e6f15d1e208ce743bb31cb2b2"
        },
        "files": [
            "./behat.yml.dist",
            "./features/bootstrap/FeatureContext.php",
            "./features/bootstrap/bootstrap.php",
            "./features/demo.feature"
        ]
    },
    "php": {
        "version": "7.2"
    },
    "symfony/error-handler": {
        "version": "v4.4.5"
    }
}
