{
    "behat/mink-browserkit-driver": {
        "version": "v1.3.4"
    },
    "behat/mink-goutte-driver": {
        "version": "v1.2.1"
    },
    "behat/symfony2-extension": {
        "version": "2.1",
        "recipe": {
            "repo": "github.com/symfony/recipes",
            "branch": "master",
            "version": "2.1",
            "ref": "af4f8fa93b1fee9e6f15d1e208ce743bb31cb2b2"
        },
        "files": [
            "./behat.yml.dist",
            "./features/bootstrap/FeatureContext.php",
            "./features/bootstrap/bootstrap.php",
            "./features/demo.feature"
        ]
    },
    "behatch/contexts": {
        "version": "3.3.0"
    },
    "fabpot/goutte": {
        "version": "v3.3.0"
    },
    "friends-of-behat/mink-extension": {
        "version": "2.3.1"
    },
    "php": {
        "version": "7.2"
    },
    "symfony/browser-kit": {
        "version": "v4.4.9"
    },
    "symfony/dom-crawler": {
        "version": "v4.4.9"
    },
    "symfony/error-handler": {
        "version": "v4.4.5"
    }
}
